<?xml version="1.0" encoding="utf-8"?>
<Project xmlns="http://schemas.microsoft.com/developer/msbuild/2003">
  <PropertyGroup>
    <ProjectGuid>{83555ffc-a5a0-48bb-aaec-73eda1ca8945}</ProjectGuid>
    <Configuration Condition=" '$(Configuration)' == '' ">Debug</Configuration>
    <Platform Condition=" '$(Platform)' == '' ">AnyCPU</Platform>
    <DCC_DCCCompiler>DCC32</DCC_DCCCompiler>
    <DCC_DependencyCheckOutputName>LLF_IPS.exe</DCC_DependencyCheckOutputName>
    <MainSource>LLF_IPS.dpr</MainSource>
  </PropertyGroup>
  <PropertyGroup Condition=" '$(Configuration)|$(Platform)' == 'Release|AnyCPU' ">
    <Version>7.0</Version>
    <DCC_DebugInformation>False</DCC_DebugInformation>
    <DCC_LocalDebugSymbols>False</DCC_LocalDebugSymbols>
    <DCC_SymbolReferenceInfo>0</DCC_SymbolReferenceInfo>
    <DCC_Define>RELEASE</DCC_Define>
    <DCC_ExeOutput>C:\Users\think\LLF_IPS_re</DCC_ExeOutput>
  </PropertyGroup>
  <PropertyGroup Condition=" '$(Configuration)|$(Platform)' == 'Debug|AnyCPU' ">
    <Version>7.0</Version>
    <DCC_Define>DEBUG</DCC_Define>
  </PropertyGroup>
  <ProjectExtensions>
    <Borland.Personality>Delphi.Personality</Borland.Personality>
    <Borland.ProjectType />
    <BorlandProject>
<BorlandProject><Delphi.Personality><Parameters><Parameters Name="UseLauncher">False</Parameters><Parameters Name="LoadAllSymbols">True</Parameters><Parameters Name="LoadUnspecifiedSymbols">False</Parameters></Parameters><VersionInfo><VersionInfo Name="IncludeVerInfo">False</VersionInfo><VersionInfo Name="AutoIncBuild">False</VersionInfo><VersionInfo Name="MajorVer">1</VersionInfo><VersionInfo Name="MinorVer">0</VersionInfo><VersionInfo Name="Release">0</VersionInfo><VersionInfo Name="Build">0</VersionInfo><VersionInfo Name="Debug">False</VersionInfo><VersionInfo Name="PreRelease">False</VersionInfo><VersionInfo Name="Special">False</VersionInfo><VersionInfo Name="Private">False</VersionInfo><VersionInfo Name="DLL">False</VersionInfo><VersionInfo Name="Locale">2052</VersionInfo><VersionInfo Name="CodePage">936</VersionInfo></VersionInfo><VersionInfoKeys><VersionInfoKeys Name="CompanyName"></VersionInfoKeys><VersionInfoKeys Name="FileDescription"></VersionInfoKeys><VersionInfoKeys Name="FileVersion">1.0.0.0</VersionInfoKeys><VersionInfoKeys Name="InternalName"></VersionInfoKeys><VersionInfoKeys Name="LegalCopyright"></VersionInfoKeys><VersionInfoKeys Name="LegalTrademarks"></VersionInfoKeys><VersionInfoKeys Name="OriginalFilename"></VersionInfoKeys><VersionInfoKeys Name="ProductName"></VersionInfoKeys><VersionInfoKeys Name="ProductVersion">1.0.0.0</VersionInfoKeys><VersionInfoKeys Name="Comments"></VersionInfoKeys></VersionInfoKeys><Source><Source Name="MainSource">LLF_IPS.dpr</Source></Source></Delphi.Personality><ModelSupport>False</ModelSupport></BorlandProject></BorlandProject>
  </ProjectExtensions>
  <Import Project="$(MSBuildBinPath)\Borland.Delphi.Targets" />
  <ItemGroup>
    <DelphiCompile Include="LLF_IPS.dpr">
      <MainSource>MainSource</MainSource>
    </DelphiCompile>
    <DCCReference Include="Chart_Manager\uMyChartManager.pas" />
    <DCCReference Include="CommonUnits\ChartManager.pas" />
    <DCCReference Include="CommonUnits\Glass.pas" />
    <DCCReference Include="CommonUnits\uConfigUnit.pas" />
    <DCCReference Include="CommonUnits\uConstants.pas" />
    <DCCReference Include="CommonUnits\uDataStruct.pas" />
    <DCCReference Include="CommonUnits\uGlobalInstance.pas" />
    <DCCReference Include="CommonUnits\uManagerThread.pas" />
    <DCCReference Include="CommonUnits\uTimer.pas" />
    <DCCReference Include="CTPProxy\uQuotationAPI.pas" />
    <DCCReference Include="CTPProxy\uTradeAPI.pas" />
    <DCCReference Include="CTPProxy\uTradeResponse.pas" />
    <DCCReference Include="DrawView\uDrawView.pas" />
    <DCCReference Include="MainWIN.pas">
      <Form>MainWindow</Form>
    </DCCReference>
    <DCCReference Include="Quotation_Manager\uContractsSchedule.pas" />
    <DCCReference Include="uData\uDataCenter.pas" />
    <DCCReference Include="uDBManager\uDBManager.pas" />
    <DCCReference Include="ufrm\ufrmAddConteact.pas">
      <Form>AddConteactForm</Form>
    </DCCReference>
    <DCCReference Include="ufrm\ufrmConfigForm.pas">
      <Form>ConfigForm</Form>
    </DCCReference>
    <DCCReference Include="ufrm\ufrmlogin.pas">
      <Form>LoginTradeFrom</Form>
    </DCCReference>
    <DCCReference Include="ufrm\ufrmLoginForm.pas">
      <Form>LoginForm</Form>
    </DCCReference>
    <DCCReference Include="uTradeUnit\uTradeUnit.pas" />
  </ItemGroup>
</Project>